bitbucket.org/noxdew/config v0.0.0-20190407210750-5b212b96ebd6 h1:kg4wjUtIhR1Mqd5xYRLS9S2Ie9psBf9d9mFY66aCMB8=
bitbucket.org/noxdew/config v0.0.0-20190407210750-5b212b96ebd6/go.mod h1:oiKfagEYuMgA0r5R6EkvpibQu+WgC4g12qcJvf0unGM=
bitbucket.org/noxdew/log v0.0.0-20181109011438-3416cdf0f4e6 h1:66Yodeb6WHLJTnKEV86H2PrGJKtcHfyqvTa39BL74Kc=
bitbucket.org/noxdew/log v0.0.0-20181109011438-3416cdf0f4e6/go.mod h1:xPGRC1/q4IVMLjehgmqROCHAtFuvInWr+3CjSyNcKPU=
bitbucket.org/noxdew/metrics v0.0.0-20190216225909-d63b684edd49 h1:nBDAxw+pOh+qcV3HggLSyawogj10vOTuDHgIUApckUw=
bitbucket.org/noxdew/metrics v0.0.0-20190216225909-d63b684edd49/go.mod h1:YTmLxFsm0UJ3hEcWg6nueMMDauqGFKt1I/qcTDZMxiY=
github.com/bwmarrin/discordgo v0.19.0 h1:kMED/DB0NR1QhRcalb85w0Cu3Ep2OrGAqZH1R5awQiY=
github.com/bwmarrin/discordgo v0.19.0/go.mod h1:O9S4p+ofTFwB02em7jkpkV8M3R0/PUVOwN61zSZ0r4Q=
github.com/gorilla/websocket v1.4.0 h1:WDFjx/TMzVgy9VdMMQi2K2Emtwi2QcUQsztZ/zLaH/Q=
github.com/gorilla/websocket v1.4.0/go.mod h1:E7qHFY5m1UJ88s3WnNqhKjPHQ0heANvMoAMk2YaljkQ=
github.com/influxdata/influxdb1-client v0.0.0-20190402204710-8ff2fc3824fc h1:KpMgaYJRieDkHZJWY3LMafvtqS/U8xX6+lUN+OKpl/Y=
github.com/influxdata/influxdb1-client v0.0.0-20190402204710-8ff2fc3824fc/go.mod h1:qj24IKcXYK6Iy9ceXlo3Tc+vtHo9lIhSX5JddghvEPo=
github.com/mitchellh/mapstructure v1.1.2 h1:fmNYVwqnSfB9mZU6OS2O6GsXM+wcskZDuKQzvN1EDeE=
github.com/mitchellh/mapstructure v1.1.2/go.mod h1:FVVH3fgwuzCH5S8UJGiWEs2h04kUh9fWfEaFds41c1Y=
github.com/noxdew/discordgo-starter-bot v0.0.0-20190525135814-896a7867c978 h1:xQaXg1TR3p6nRY8XDIYRvyz+nRRKh2/1z2VgK4MsKi4=
github.com/rcrowley/go-metrics v0.0.0-20181016184325-3113b8401b8a h1:9ZKAASQSHhDYGoxY8uLVpewe1GDZ2vu2Tr/vTdVAkFQ=
github.com/rcrowley/go-metrics v0.0.0-20181016184325-3113b8401b8a/go.mod h1:bCqnVzQkZxMG4s8nGwiZ5l3QUCyqpo9Y+/ZMZ9VjZe4=
go.uber.org/atomic v1.4.0 h1:cxzIVoETapQEqDhQu3QfnvXAV4AlzcvUCxkVUFw3+EU=
go.uber.org/atomic v1.4.0/go.mod h1:gD2HeocX3+yG+ygLZcrzQJaqmWj9AIm7n08wl/qW/PE=
go.uber.org/multierr v1.1.0 h1:HoEmRHQPVSqub6w2z2d2EOVs2fjyFRGyofhKuyDq0QI=
go.uber.org/multierr v1.1.0/go.mod h1:wR5kodmAFQ0UK8QlbwjlSNy0Z68gJhDJUG5sjR94q/0=
go.uber.org/zap v1.10.0 h1:ORx85nbTijNz8ljznvCMR1ZBIPKFn3jQrag10X2AsuM=
go.uber.org/zap v1.10.0/go.mod h1:vwi/ZaCAaUcBkycHslxD9B2zi4UTXhF60s6SWpuDF0Q=
golang.org/x/crypto v0.0.0-20181030102418-4d3f4d9ffa16 h1:y6ce7gCWtnH+m3dCjzQ1PCuwl28DDIc3VNnvY29DlIA=
golang.org/x/crypto v0.0.0-20181030102418-4d3f4d9ffa16/go.mod h1:6SG95UA2DQfeDnfUPMdvaQW0Q7yPrPDi9nlGo2tz2b4=
gopkg.in/check.v1 v0.0.0-20161208181325-20d25e280405/go.mod h1:Co6ibVJAznAaIkqp8huTwlJQCZ016jof/cbN4VW5Yz0=
gopkg.in/yaml.v2 v2.2.2 h1:ZCJp+EgiOT7lHqUV2J862kp8Qj64Jo6az82+3Td9dZw=
gopkg.in/yaml.v2 v2.2.2/go.mod h1:hI93XBmqTisBFMUTm0b8Fm+jr3Dg1NNxqwp+5A1VGuI=
